
Microsoft Visual Studio Solution File, Format Version 12.00
# Visual Studio Version 16
VisualStudioVersion = 25.0.1705.1
MinimumVisualStudioVersion = 10.0.40219.1
Project("{FAE04EC0-301F-11D3-BF4B-00C04F79EFBC}") = "BurgerBook_API", "BurgerBook_API\BurgerBook_API.csproj", "{906CAC49-9B01-4370-8AFF-86D37C90C0E5}"
EndProject
Global
	GlobalSection(SolutionConfigurationPlatforms) = preSolution
		Debug|Any CPU = Debug|Any CPU
		Release|Any CPU = Release|Any CPU
	EndGlobalSection
	GlobalSection(ProjectConfigurationPlatforms) = postSolution
		{906CAC49-9B01-4370-8AFF-86D37C90C0E5}.Debug|Any CPU.ActiveCfg = Debug|Any CPU
		{906CAC49-9B01-4370-8AFF-86D37C90C0E5}.Debug|Any CPU.Build.0 = Debug|Any CPU
		{906CAC49-9B01-4370-8AFF-86D37C90C0E5}.Release|Any CPU.ActiveCfg = Release|Any CPU
		{906CAC49-9B01-4370-8AFF-86D37C90C0E5}.Release|Any CPU.Build.0 = Release|Any CPU
	EndGlobalSection
	GlobalSection(SolutionProperties) = preSolution
		HideSolutionNode = FALSE
	EndGlobalSection
	GlobalSection(ExtensibilityGlobals) = postSolution
		SolutionGuid = {618B8F97-F577-4815-9FAC-F9DF4117E54B}
	EndGlobalSection
EndGlobal
